
Microsoft Visual Studio Solution File, Format Version 12.00
# Visual Studio Version 17
VisualStudioVersion = 17.6.33829.357
MinimumVisualStudioVersion = 10.0.40219.1
Project("{FAE04EC0-301F-11D3-BF4B-00C04F79EFBC}") = "PruebaTecnicaAudisoft", "PruebaTecnicaAudisoft\PruebaTecnicaAudisoft.csproj", "{6780BD89-08D4-48B3-AC27-15568396ED26}"
EndProject
Global
	GlobalSection(SolutionConfigurationPlatforms) = preSolution
		Debug|Any CPU = Debug|Any CPU
		Release|Any CPU = Release|Any CPU
	EndGlobalSection
	GlobalSection(ProjectConfigurationPlatforms) = postSolution
		{6780BD89-08D4-48B3-AC27-15568396ED26}.Debug|Any CPU.ActiveCfg = Debug|Any CPU
		{6780BD89-08D4-48B3-AC27-15568396ED26}.Debug|Any CPU.Build.0 = Debug|Any CPU
		{6780BD89-08D4-48B3-AC27-15568396ED26}.Release|Any CPU.ActiveCfg = Release|Any CPU
		{6780BD89-08D4-48B3-AC27-15568396ED26}.Release|Any CPU.Build.0 = Release|Any CPU
	EndGlobalSection
	GlobalSection(SolutionProperties) = preSolution
		HideSolutionNode = FALSE
	EndGlobalSection
	GlobalSection(ExtensibilityGlobals) = postSolution
		SolutionGuid = {638ADAB8-61D8-46D8-B382-43A8FBBF2C4A}
	EndGlobalSection
EndGlobal
